
Microsoft Visual Studio Solution File, Format Version 12.00
# Visual Studio 15
VisualStudioVersion = 15.0.28307.168
MinimumVisualStudioVersion = 10.0.40219.1
Project("{FAE04EC0-301F-11D3-BF4B-00C04F79EFBC}") = "Repositorio", "Repositorio\Repositorio.csproj", "{FAC37172-ABFB-4D42-9522-0DD096919F15}"
EndProject
Global
	GlobalSection(SolutionConfigurationPlatforms) = preSolution
		Debug|Any CPU = Debug|Any CPU
		Release|Any CPU = Release|Any CPU
	EndGlobalSection
	GlobalSection(ProjectConfigurationPlatforms) = postSolution
		{FAC37172-ABFB-4D42-9522-0DD096919F15}.Debug|Any CPU.ActiveCfg = Debug|Any CPU
		{FAC37172-ABFB-4D42-9522-0DD096919F15}.Debug|Any CPU.Build.0 = Debug|Any CPU
		{FAC37172-ABFB-4D42-9522-0DD096919F15}.Release|Any CPU.ActiveCfg = Release|Any CPU
		{FAC37172-ABFB-4D42-9522-0DD096919F15}.Release|Any CPU.Build.0 = Release|Any CPU
	EndGlobalSection
	GlobalSection(SolutionProperties) = preSolution
		HideSolutionNode = FALSE
	EndGlobalSection
	GlobalSection(ExtensibilityGlobals) = postSolution
		SolutionGuid = {2BD9F8C4-4667-47B1-A3D6-2C65213A9A8E}
	EndGlobalSection
EndGlobal
