
Microsoft Visual Studio Solution File, Format Version 12.00
# Visual Studio Version 16
VisualStudioVersion = 16.0.28803.202
MinimumVisualStudioVersion = 10.0.40219.1
Project("{FAE04EC0-301F-11D3-BF4B-00C04F79EFBC}") = "Desktop", "Desktop.csproj", "{529D754C-606F-40FA-9731-C34F941D4917}"
EndProject
Project("{2150E333-8FDC-42A3-9474-1A3956D46DE8}") = "Bibliotecas", "Bibliotecas", "{0609E5EB-24F5-43C1-9BB5-75863F9F8CDD}"
EndProject
Project("{9A19103F-16F7-4668-BE54-9A1E7A4F7556}") = "Models", "..\..\Biblioteca\Source\Models\Models.csproj", "{6F0BC947-5780-4490-B802-B6784F8D8F77}"
EndProject
Project("{9A19103F-16F7-4668-BE54-9A1E7A4F7556}") = "Helpers", "..\..\Biblioteca\Source\Helpers\Helpers.csproj", "{4365034D-CA58-491D-A26F-FE5C59A954D3}"
EndProject
Global
	GlobalSection(SolutionConfigurationPlatforms) = preSolution
		Debug|Any CPU = Debug|Any CPU
		Release|Any CPU = Release|Any CPU
	EndGlobalSection
	GlobalSection(ProjectConfigurationPlatforms) = postSolution
		{529D754C-606F-40FA-9731-C34F941D4917}.Debug|Any CPU.ActiveCfg = Debug|Any CPU
		{529D754C-606F-40FA-9731-C34F941D4917}.Debug|Any CPU.Build.0 = Debug|Any CPU
		{529D754C-606F-40FA-9731-C34F941D4917}.Release|Any CPU.ActiveCfg = Release|Any CPU
		{529D754C-606F-40FA-9731-C34F941D4917}.Release|Any CPU.Build.0 = Release|Any CPU
		{6F0BC947-5780-4490-B802-B6784F8D8F77}.Debug|Any CPU.ActiveCfg = Debug|Any CPU
		{6F0BC947-5780-4490-B802-B6784F8D8F77}.Debug|Any CPU.Build.0 = Debug|Any CPU
		{6F0BC947-5780-4490-B802-B6784F8D8F77}.Release|Any CPU.ActiveCfg = Release|Any CPU
		{6F0BC947-5780-4490-B802-B6784F8D8F77}.Release|Any CPU.Build.0 = Release|Any CPU
		{4365034D-CA58-491D-A26F-FE5C59A954D3}.Debug|Any CPU.ActiveCfg = Debug|Any CPU
		{4365034D-CA58-491D-A26F-FE5C59A954D3}.Debug|Any CPU.Build.0 = Debug|Any CPU
		{4365034D-CA58-491D-A26F-FE5C59A954D3}.Release|Any CPU.ActiveCfg = Release|Any CPU
		{4365034D-CA58-491D-A26F-FE5C59A954D3}.Release|Any CPU.Build.0 = Release|Any CPU
	EndGlobalSection
	GlobalSection(SolutionProperties) = preSolution
		HideSolutionNode = FALSE
	EndGlobalSection
	GlobalSection(NestedProjects) = preSolution
		{6F0BC947-5780-4490-B802-B6784F8D8F77} = {0609E5EB-24F5-43C1-9BB5-75863F9F8CDD}
		{4365034D-CA58-491D-A26F-FE5C59A954D3} = {0609E5EB-24F5-43C1-9BB5-75863F9F8CDD}
	EndGlobalSection
	GlobalSection(ExtensibilityGlobals) = postSolution
		SolutionGuid = {7B838DAB-5E37-4032-B003-4E4783F67CA3}
	EndGlobalSection
EndGlobal
